
Microsoft Visual Studio Solution File, Format Version 12.00
# Visual Studio 2013
VisualStudioVersion = 12.0.31101.0
MinimumVisualStudioVersion = 10.0.40219.1
Project("{FAE04EC0-301F-11D3-BF4B-00C04F79EFBC}") = "ArraySlice.Fody", "ArraySlice.Fody\ArraySlice.Fody.csproj", "{C3578A7B-09A6-4444-9383-0DEAFA4958BD}"
	ProjectSection(ProjectDependencies) = postProject
		{E2897623-05D9-46C2-8E51-6D8E0BCCBA6B} = {E2897623-05D9-46C2-8E51-6D8E0BCCBA6B}
	EndProjectSection
EndProject
Project("{FAE04EC0-301F-11D3-BF4B-00C04F79EFBC}") = "Tests", "Tests\Tests.csproj", "{5A86453B-96FB-4B6E-A283-225BB9F753D3}"
EndProject
Project("{FAE04EC0-301F-11D3-BF4B-00C04F79EFBC}") = "Nuget", "NuGet\Nuget.csproj", "{63786CE5-D899-43DF-AD4E-C2CA3BAC3FC2}"
	ProjectSection(ProjectDependencies) = postProject
		{E2897623-05D9-46C2-8E51-6D8E0BCCBA6B} = {E2897623-05D9-46C2-8E51-6D8E0BCCBA6B}
		{14DBAF42-F9CA-46A9-81C2-DC1583A973ED} = {14DBAF42-F9CA-46A9-81C2-DC1583A973ED}
		{52A0056D-5BD2-463D-ACD9-540DC1E1793B} = {52A0056D-5BD2-463D-ACD9-540DC1E1793B}
		{C3578A7B-09A6-4444-9383-0DEAFA4958BD} = {C3578A7B-09A6-4444-9383-0DEAFA4958BD}
		{CDFD5A8E-615C-4A51-8D96-62014A34FF53} = {CDFD5A8E-615C-4A51-8D96-62014A34FF53}
		{71606B97-D72B-4670-A6FA-E1A76FEC88F1} = {71606B97-D72B-4670-A6FA-E1A76FEC88F1}
		{90BC2AFE-BE28-4827-9484-74FB4940C552} = {90BC2AFE-BE28-4827-9484-74FB4940C552}
	EndProjectSection
EndProject
Project("{FAE04EC0-301F-11D3-BF4B-00C04F79EFBC}") = "AssemblyToProcess", "AssemblyToProcess\AssemblyToProcess.csproj", "{E97E649F-B703-47E3-B18A-0871D3498742}"
EndProject
Project("{FAE04EC0-301F-11D3-BF4B-00C04F79EFBC}") = "Corvalius.ArraySlice.Portable328", "Corvalius.ArraySlice.Portable328\Corvalius.ArraySlice.Portable328.csproj", "{90BC2AFE-BE28-4827-9484-74FB4940C552}"
EndProject
Project("{2150E333-8FDC-42A3-9474-1A3956D46DE8}") = ".nuget", ".nuget", "{AF698659-EBA3-406B-B377-251F38955C2D}"
EndProject
Project("{FAE04EC0-301F-11D3-BF4B-00C04F79EFBC}") = "Corvalius.ArraySlice.Net35", "Corvalius.ArraySlice.Net35\Corvalius.ArraySlice.Net35.csproj", "{E2897623-05D9-46C2-8E51-6D8E0BCCBA6B}"
EndProject
Project("{FAE04EC0-301F-11D3-BF4B-00C04F79EFBC}") = "Corvalius.ArraySlice.Portable259", "Corvalius.ArraySlice.Portable259\Corvalius.ArraySlice.Portable259.csproj", "{CDFD5A8E-615C-4A51-8D96-62014A34FF53}"
EndProject
Project("{FAE04EC0-301F-11D3-BF4B-00C04F79EFBC}") = "Corvalius.ArraySlice.Portable78", "Corvalius.ArraySlice.Portable78\Corvalius.ArraySlice.Portable78.csproj", "{52A0056D-5BD2-463D-ACD9-540DC1E1793B}"
EndProject
Project("{FAE04EC0-301F-11D3-BF4B-00C04F79EFBC}") = "Corvalius.ArraySlice.Portable47", "Corvalius.ArraySlice.Portable47\Corvalius.ArraySlice.Portable47.csproj", "{14DBAF42-F9CA-46A9-81C2-DC1583A973ED}"
EndProject
Project("{FAE04EC0-301F-11D3-BF4B-00C04F79EFBC}") = "Corvalius.ArraySlice.Portable7", "Corvalius.ArraySlice.Portable7\Corvalius.ArraySlice.Portable7.csproj", "{71606B97-D72B-4670-A6FA-E1A76FEC88F1}"
EndProject
Global
	GlobalSection(SolutionConfigurationPlatforms) = preSolution
		Debug|Any CPU = Debug|Any CPU
		Debug|x86 = Debug|x86
		Release|Any CPU = Release|Any CPU
		Release|x86 = Release|x86
	EndGlobalSection
	GlobalSection(ProjectConfigurationPlatforms) = postSolution
		{C3578A7B-09A6-4444-9383-0DEAFA4958BD}.Debug|Any CPU.ActiveCfg = Debug|Any CPU
		{C3578A7B-09A6-4444-9383-0DEAFA4958BD}.Debug|Any CPU.Build.0 = Debug|Any CPU
		{C3578A7B-09A6-4444-9383-0DEAFA4958BD}.Debug|x86.ActiveCfg = Debug|Any CPU
		{C3578A7B-09A6-4444-9383-0DEAFA4958BD}.Release|Any CPU.ActiveCfg = Release|Any CPU
		{C3578A7B-09A6-4444-9383-0DEAFA4958BD}.Release|Any CPU.Build.0 = Release|Any CPU
		{C3578A7B-09A6-4444-9383-0DEAFA4958BD}.Release|x86.ActiveCfg = Release|Any CPU
		{5A86453B-96FB-4B6E-A283-225BB9F753D3}.Debug|Any CPU.ActiveCfg = Debug|Any CPU
		{5A86453B-96FB-4B6E-A283-225BB9F753D3}.Debug|Any CPU.Build.0 = Debug|Any CPU
		{5A86453B-96FB-4B6E-A283-225BB9F753D3}.Debug|x86.ActiveCfg = Debug|Any CPU
		{5A86453B-96FB-4B6E-A283-225BB9F753D3}.Release|Any CPU.ActiveCfg = Release|Any CPU
		{5A86453B-96FB-4B6E-A283-225BB9F753D3}.Release|Any CPU.Build.0 = Release|Any CPU
		{5A86453B-96FB-4B6E-A283-225BB9F753D3}.Release|x86.ActiveCfg = Release|Any CPU
		{63786CE5-D899-43DF-AD4E-C2CA3BAC3FC2}.Debug|Any CPU.ActiveCfg = Debug|Any CPU
		{63786CE5-D899-43DF-AD4E-C2CA3BAC3FC2}.Debug|Any CPU.Build.0 = Debug|Any CPU
		{63786CE5-D899-43DF-AD4E-C2CA3BAC3FC2}.Debug|x86.ActiveCfg = Debug|Any CPU
		{63786CE5-D899-43DF-AD4E-C2CA3BAC3FC2}.Release|Any CPU.ActiveCfg = Release|Any CPU
		{63786CE5-D899-43DF-AD4E-C2CA3BAC3FC2}.Release|Any CPU.Build.0 = Release|Any CPU
		{63786CE5-D899-43DF-AD4E-C2CA3BAC3FC2}.Release|x86.ActiveCfg = Release|Any CPU
		{E97E649F-B703-47E3-B18A-0871D3498742}.Debug|Any CPU.ActiveCfg = Debug|Any CPU
		{E97E649F-B703-47E3-B18A-0871D3498742}.Debug|Any CPU.Build.0 = Debug|Any CPU
		{E97E649F-B703-47E3-B18A-0871D3498742}.Debug|x86.ActiveCfg = Debug|Any CPU
		{E97E649F-B703-47E3-B18A-0871D3498742}.Release|Any CPU.ActiveCfg = Release|Any CPU
		{E97E649F-B703-47E3-B18A-0871D3498742}.Release|Any CPU.Build.0 = Release|Any CPU
		{E97E649F-B703-47E3-B18A-0871D3498742}.Release|x86.ActiveCfg = Release|Any CPU
		{90BC2AFE-BE28-4827-9484-74FB4940C552}.Debug|Any CPU.ActiveCfg = Debug|Any CPU
		{90BC2AFE-BE28-4827-9484-74FB4940C552}.Debug|Any CPU.Build.0 = Debug|Any CPU
		{90BC2AFE-BE28-4827-9484-74FB4940C552}.Debug|x86.ActiveCfg = Debug|Any CPU
		{90BC2AFE-BE28-4827-9484-74FB4940C552}.Release|Any CPU.ActiveCfg = Release|Any CPU
		{90BC2AFE-BE28-4827-9484-74FB4940C552}.Release|Any CPU.Build.0 = Release|Any CPU
		{90BC2AFE-BE28-4827-9484-74FB4940C552}.Release|x86.ActiveCfg = Release|Any CPU
		{E2897623-05D9-46C2-8E51-6D8E0BCCBA6B}.Debug|Any CPU.ActiveCfg = Debug|Any CPU
		{E2897623-05D9-46C2-8E51-6D8E0BCCBA6B}.Debug|Any CPU.Build.0 = Debug|Any CPU
		{E2897623-05D9-46C2-8E51-6D8E0BCCBA6B}.Debug|x86.ActiveCfg = Debug|Any CPU
		{E2897623-05D9-46C2-8E51-6D8E0BCCBA6B}.Release|Any CPU.ActiveCfg = Release|Any CPU
		{E2897623-05D9-46C2-8E51-6D8E0BCCBA6B}.Release|Any CPU.Build.0 = Release|Any CPU
		{E2897623-05D9-46C2-8E51-6D8E0BCCBA6B}.Release|x86.ActiveCfg = Release|Any CPU
		{CDFD5A8E-615C-4A51-8D96-62014A34FF53}.Debug|Any CPU.ActiveCfg = Debug|Any CPU
		{CDFD5A8E-615C-4A51-8D96-62014A34FF53}.Debug|Any CPU.Build.0 = Debug|Any CPU
		{CDFD5A8E-615C-4A51-8D96-62014A34FF53}.Debug|x86.ActiveCfg = Debug|Any CPU
		{CDFD5A8E-615C-4A51-8D96-62014A34FF53}.Release|Any CPU.ActiveCfg = Release|Any CPU
		{CDFD5A8E-615C-4A51-8D96-62014A34FF53}.Release|Any CPU.Build.0 = Release|Any CPU
		{CDFD5A8E-615C-4A51-8D96-62014A34FF53}.Release|x86.ActiveCfg = Release|Any CPU
		{52A0056D-5BD2-463D-ACD9-540DC1E1793B}.Debug|Any CPU.ActiveCfg = Debug|Any CPU
		{52A0056D-5BD2-463D-ACD9-540DC1E1793B}.Debug|Any CPU.Build.0 = Debug|Any CPU
		{52A0056D-5BD2-463D-ACD9-540DC1E1793B}.Debug|x86.ActiveCfg = Debug|Any CPU
		{52A0056D-5BD2-463D-ACD9-540DC1E1793B}.Release|Any CPU.ActiveCfg = Release|Any CPU
		{52A0056D-5BD2-463D-ACD9-540DC1E1793B}.Release|Any CPU.Build.0 = Release|Any CPU
		{52A0056D-5BD2-463D-ACD9-540DC1E1793B}.Release|x86.ActiveCfg = Release|Any CPU
		{14DBAF42-F9CA-46A9-81C2-DC1583A973ED}.Debug|Any CPU.ActiveCfg = Debug|Any CPU
		{14DBAF42-F9CA-46A9-81C2-DC1583A973ED}.Debug|Any CPU.Build.0 = Debug|Any CPU
		{14DBAF42-F9CA-46A9-81C2-DC1583A973ED}.Debug|x86.ActiveCfg = Debug|Any CPU
		{14DBAF42-F9CA-46A9-81C2-DC1583A973ED}.Release|Any CPU.ActiveCfg = Release|Any CPU
		{14DBAF42-F9CA-46A9-81C2-DC1583A973ED}.Release|Any CPU.Build.0 = Release|Any CPU
		{14DBAF42-F9CA-46A9-81C2-DC1583A973ED}.Release|x86.ActiveCfg = Release|Any CPU
		{71606B97-D72B-4670-A6FA-E1A76FEC88F1}.Debug|Any CPU.ActiveCfg = Debug|Any CPU
		{71606B97-D72B-4670-A6FA-E1A76FEC88F1}.Debug|Any CPU.Build.0 = Debug|Any CPU
		{71606B97-D72B-4670-A6FA-E1A76FEC88F1}.Debug|x86.ActiveCfg = Debug|Any CPU
		{71606B97-D72B-4670-A6FA-E1A76FEC88F1}.Release|Any CPU.ActiveCfg = Release|Any CPU
		{71606B97-D72B-4670-A6FA-E1A76FEC88F1}.Release|Any CPU.Build.0 = Release|Any CPU
		{71606B97-D72B-4670-A6FA-E1A76FEC88F1}.Release|x86.ActiveCfg = Release|Any CPU
	EndGlobalSection
	GlobalSection(SolutionProperties) = preSolution
		HideSolutionNode = FALSE
	EndGlobalSection
	GlobalSection(CodealikeProperties) = postSolution
		SolutionGuid = eee77e59-b1b1-4b3b-80eb-1b5e344b18f1
	EndGlobalSection
EndGlobal
